
Microsoft Visual Studio Solution File, Format Version 12.00
# Visual Studio Version 16
VisualStudioVersion = 16.0.31313.79
MinimumVisualStudioVersion = 10.0.40219.1
Project("{2150E333-8FDC-42A3-9474-1A3956D46DE8}") = "Microservices", "Microservices", "{94192780-6FBE-4525-9C14-F9E330594C34}"
EndProject
Project("{9A19103F-16F7-4668-BE54-9A1E7A4F7556}") = "Product.Microservice", "Product.Microservice\Product.Microservice.csproj", "{DFB4F8F9-2309-4B70-9F0B-1C85EACF71E0}"
EndProject
Project("{9A19103F-16F7-4668-BE54-9A1E7A4F7556}") = "Customer.Microservice", "Customer.Microservice\Customer.Microservice.csproj", "{8737036A-7047-4919-854E-5097B147A2D1}"
EndProject
Project("{FAE04EC0-301F-11D3-BF4B-00C04F79EFBC}") = "Gateway.WebApi", "Gateway.WebApi\Gateway.WebApi.csproj", "{B4350D96-C2A4-431F-9FBA-0D663D3CFEF4}"
EndProject
Global
	GlobalSection(SolutionConfigurationPlatforms) = preSolution
		Debug|Any CPU = Debug|Any CPU
		Release|Any CPU = Release|Any CPU
	EndGlobalSection
	GlobalSection(ProjectConfigurationPlatforms) = postSolution
		{DFB4F8F9-2309-4B70-9F0B-1C85EACF71E0}.Debug|Any CPU.ActiveCfg = Debug|Any CPU
		{DFB4F8F9-2309-4B70-9F0B-1C85EACF71E0}.Debug|Any CPU.Build.0 = Debug|Any CPU
		{DFB4F8F9-2309-4B70-9F0B-1C85EACF71E0}.Release|Any CPU.ActiveCfg = Release|Any CPU
		{DFB4F8F9-2309-4B70-9F0B-1C85EACF71E0}.Release|Any CPU.Build.0 = Release|Any CPU
		{8737036A-7047-4919-854E-5097B147A2D1}.Debug|Any CPU.ActiveCfg = Debug|Any CPU
		{8737036A-7047-4919-854E-5097B147A2D1}.Debug|Any CPU.Build.0 = Debug|Any CPU
		{8737036A-7047-4919-854E-5097B147A2D1}.Release|Any CPU.ActiveCfg = Release|Any CPU
		{8737036A-7047-4919-854E-5097B147A2D1}.Release|Any CPU.Build.0 = Release|Any CPU
		{B4350D96-C2A4-431F-9FBA-0D663D3CFEF4}.Debug|Any CPU.ActiveCfg = Debug|Any CPU
		{B4350D96-C2A4-431F-9FBA-0D663D3CFEF4}.Debug|Any CPU.Build.0 = Debug|Any CPU
		{B4350D96-C2A4-431F-9FBA-0D663D3CFEF4}.Release|Any CPU.ActiveCfg = Release|Any CPU
		{B4350D96-C2A4-431F-9FBA-0D663D3CFEF4}.Release|Any CPU.Build.0 = Release|Any CPU
	EndGlobalSection
	GlobalSection(SolutionProperties) = preSolution
		HideSolutionNode = FALSE
	EndGlobalSection
	GlobalSection(NestedProjects) = preSolution
		{DFB4F8F9-2309-4B70-9F0B-1C85EACF71E0} = {94192780-6FBE-4525-9C14-F9E330594C34}
		{8737036A-7047-4919-854E-5097B147A2D1} = {94192780-6FBE-4525-9C14-F9E330594C34}
	EndGlobalSection
	GlobalSection(ExtensibilityGlobals) = postSolution
		SolutionGuid = {80E5FF59-10A1-4178-B88F-136CCC3D8EB4}
	EndGlobalSection
EndGlobal
